
Microsoft Visual Studio Solution File, Format Version 12.00
# Visual Studio 2012
Project("{FAE04EC0-301F-11D3-BF4B-00C04F79EFBC}") = "Ejercicio1", "Ejercicio1\Ejercicio1.csproj", "{E9B72955-5337-4817-8FFB-75A98C096F32}"
EndProject
Project("{FAE04EC0-301F-11D3-BF4B-00C04F79EFBC}") = "AreaYPerimetro", "AreaYPerimetro\AreaYPerimetro.csproj", "{B3999BF5-BB45-4CAB-9C4E-3FD8435FF802}"
	ProjectSection(ProjectDependencies) = postProject
		{E9B72955-5337-4817-8FFB-75A98C096F32} = {E9B72955-5337-4817-8FFB-75A98C096F32}
	EndProjectSection
EndProject
Global
	GlobalSection(SolutionConfigurationPlatforms) = preSolution
		Debug|Any CPU = Debug|Any CPU
		Release|Any CPU = Release|Any CPU
	EndGlobalSection
	GlobalSection(ProjectConfigurationPlatforms) = postSolution
		{E9B72955-5337-4817-8FFB-75A98C096F32}.Debug|Any CPU.ActiveCfg = Debug|Any CPU
		{E9B72955-5337-4817-8FFB-75A98C096F32}.Debug|Any CPU.Build.0 = Debug|Any CPU
		{E9B72955-5337-4817-8FFB-75A98C096F32}.Release|Any CPU.ActiveCfg = Release|Any CPU
		{E9B72955-5337-4817-8FFB-75A98C096F32}.Release|Any CPU.Build.0 = Release|Any CPU
		{B3999BF5-BB45-4CAB-9C4E-3FD8435FF802}.Debug|Any CPU.ActiveCfg = Debug|Any CPU
		{B3999BF5-BB45-4CAB-9C4E-3FD8435FF802}.Debug|Any CPU.Build.0 = Debug|Any CPU
		{B3999BF5-BB45-4CAB-9C4E-3FD8435FF802}.Release|Any CPU.ActiveCfg = Release|Any CPU
		{B3999BF5-BB45-4CAB-9C4E-3FD8435FF802}.Release|Any CPU.Build.0 = Release|Any CPU
	EndGlobalSection
	GlobalSection(SolutionProperties) = preSolution
		HideSolutionNode = FALSE
	EndGlobalSection
EndGlobal
